
Microsoft Visual Studio Solution File, Format Version 12.00
# Visual Studio Version 17
VisualStudioVersion = 17.13.35919.96 d17.13
MinimumVisualStudioVersion = 10.0.40219.1
Project("{FAE04EC0-301F-11D3-BF4B-00C04F79EFBC}") = "ASPA0010_1", "ASPA0010_1\ASPA0010_1.csproj", "{C58FA7D0-8F06-413C-A0A8-843A1A521B99}"
EndProject
Project("{FAE04EC0-301F-11D3-BF4B-00C04F79EFBC}") = "BSTU.Results.Collection", "BSTU.Results.Collection\BSTU.Results.Collection.csproj", "{03F0293A-0A1A-48C5-96FC-76068AA06365}"
EndProject
Project("{FAE04EC0-301F-11D3-BF4B-00C04F79EFBC}") = "BSTU.Results.Authenticate", "BSTU.Results.Authenticate\BSTU.Results.Authenticate.csproj", "{07EE6B50-F810-4D24-943E-57D0D35027DE}"
EndProject
Global
	GlobalSection(SolutionConfigurationPlatforms) = preSolution
		Debug|Any CPU = Debug|Any CPU
		Release|Any CPU = Release|Any CPU
	EndGlobalSection
	GlobalSection(ProjectConfigurationPlatforms) = postSolution
		{C58FA7D0-8F06-413C-A0A8-843A1A521B99}.Debug|Any CPU.ActiveCfg = Debug|Any CPU
		{C58FA7D0-8F06-413C-A0A8-843A1A521B99}.Debug|Any CPU.Build.0 = Debug|Any CPU
		{C58FA7D0-8F06-413C-A0A8-843A1A521B99}.Release|Any CPU.ActiveCfg = Release|Any CPU
		{C58FA7D0-8F06-413C-A0A8-843A1A521B99}.Release|Any CPU.Build.0 = Release|Any CPU
		{03F0293A-0A1A-48C5-96FC-76068AA06365}.Debug|Any CPU.ActiveCfg = Debug|Any CPU
		{03F0293A-0A1A-48C5-96FC-76068AA06365}.Debug|Any CPU.Build.0 = Debug|Any CPU
		{03F0293A-0A1A-48C5-96FC-76068AA06365}.Release|Any CPU.ActiveCfg = Release|Any CPU
		{03F0293A-0A1A-48C5-96FC-76068AA06365}.Release|Any CPU.Build.0 = Release|Any CPU
		{07EE6B50-F810-4D24-943E-57D0D35027DE}.Debug|Any CPU.ActiveCfg = Debug|Any CPU
		{07EE6B50-F810-4D24-943E-57D0D35027DE}.Debug|Any CPU.Build.0 = Debug|Any CPU
		{07EE6B50-F810-4D24-943E-57D0D35027DE}.Release|Any CPU.ActiveCfg = Release|Any CPU
		{07EE6B50-F810-4D24-943E-57D0D35027DE}.Release|Any CPU.Build.0 = Release|Any CPU
	EndGlobalSection
	GlobalSection(SolutionProperties) = preSolution
		HideSolutionNode = FALSE
	EndGlobalSection
	GlobalSection(ExtensibilityGlobals) = postSolution
		SolutionGuid = {83796601-9C72-4FE1-BF17-2F75B27C52A8}
	EndGlobalSection
EndGlobal
