
Microsoft Visual Studio Solution File, Format Version 12.00
# Visual Studio Version 17
VisualStudioVersion = 17.14.36518.9
MinimumVisualStudioVersion = 10.0.40219.1
Project("{8BC9CEB8-8B4A-11D0-8D11-00A0C91BC942}") = "OS13_HTCOM", "OS13_HTCOM\OS13_HTCOM.vcxproj", "{87555F9D-4D81-49D8-AE8F-D7566A446B71}"
EndProject
Project("{8BC9CEB8-8B4A-11D0-8D11-00A0C91BC942}") = "OS13_HTCOM_LIB", "OS13_HTCOM_LIB\OS13_HTCOM_LIB.vcxproj", "{3DBB9407-97AE-4373-8EE8-6C8F504FE43E}"
EndProject
Project("{8BC9CEB8-8B4A-11D0-8D11-00A0C91BC942}") = "OS13_CREATE", "OS13_CREATE\OS13_CREATE.vcxproj", "{8DA4492E-838F-4ECB-91CE-18063C0B67CA}"
EndProject
Project("{8BC9CEB8-8B4A-11D0-8D11-00A0C91BC942}") = "OS13_START", "OS13_START\OS13_START.vcxproj", "{43CDB170-C514-405B-8768-AE7E1D0009C9}"
EndProject
Project("{8BC9CEB8-8B4A-11D0-8D11-00A0C91BC942}") = "OS13_STOP", "OS13_STOP\OS13_STOP.vcxproj", "{E86B9563-54DC-4543-8601-9E9292676F33}"
EndProject
Project("{8BC9CEB8-8B4A-11D0-8D11-00A0C91BC942}") = "OS13_0402", "OS13_0402\OS13_0402.vcxproj", "{362A4E18-D56D-4707-BB7C-7774DA234A31}"
EndProject
Project("{8BC9CEB8-8B4A-11D0-8D11-00A0C91BC942}") = "OS13_0403", "OS13_0403\OS13_0403.vcxproj", "{B75CCDB9-0F47-4F33-B47C-8CB80E8FAC7D}"
EndProject
Project("{8BC9CEB8-8B4A-11D0-8D11-00A0C91BC942}") = "OS13_0404", "OS13_0404\OS13_0404.vcxproj", "{AA08A604-7D55-4BC1-9B12-1528C14ECEC4}"
EndProject
Global
	GlobalSection(SolutionConfigurationPlatforms) = preSolution
		Debug|x64 = Debug|x64
		Debug|x86 = Debug|x86
		Release|x64 = Release|x64
		Release|x86 = Release|x86
	EndGlobalSection
	GlobalSection(ProjectConfigurationPlatforms) = postSolution
		{87555F9D-4D81-49D8-AE8F-D7566A446B71}.Debug|x64.ActiveCfg = Debug|x64
		{87555F9D-4D81-49D8-AE8F-D7566A446B71}.Debug|x64.Build.0 = Debug|x64
		{87555F9D-4D81-49D8-AE8F-D7566A446B71}.Debug|x86.ActiveCfg = Debug|Win32
		{87555F9D-4D81-49D8-AE8F-D7566A446B71}.Debug|x86.Build.0 = Debug|Win32
		{87555F9D-4D81-49D8-AE8F-D7566A446B71}.Release|x64.ActiveCfg = Release|x64
		{87555F9D-4D81-49D8-AE8F-D7566A446B71}.Release|x64.Build.0 = Release|x64
		{87555F9D-4D81-49D8-AE8F-D7566A446B71}.Release|x86.ActiveCfg = Release|Win32
		{87555F9D-4D81-49D8-AE8F-D7566A446B71}.Release|x86.Build.0 = Release|Win32
		{3DBB9407-97AE-4373-8EE8-6C8F504FE43E}.Debug|x64.ActiveCfg = Debug|x64
		{3DBB9407-97AE-4373-8EE8-6C8F504FE43E}.Debug|x64.Build.0 = Debug|x64
		{3DBB9407-97AE-4373-8EE8-6C8F504FE43E}.Debug|x86.ActiveCfg = Debug|Win32
		{3DBB9407-97AE-4373-8EE8-6C8F504FE43E}.Debug|x86.Build.0 = Debug|Win32
		{3DBB9407-97AE-4373-8EE8-6C8F504FE43E}.Release|x64.ActiveCfg = Release|x64
		{3DBB9407-97AE-4373-8EE8-6C8F504FE43E}.Release|x64.Build.0 = Release|x64
		{3DBB9407-97AE-4373-8EE8-6C8F504FE43E}.Release|x86.ActiveCfg = Release|Win32
		{3DBB9407-97AE-4373-8EE8-6C8F504FE43E}.Release|x86.Build.0 = Release|Win32
		{8DA4492E-838F-4ECB-91CE-18063C0B67CA}.Debug|x64.ActiveCfg = Debug|x64
		{8DA4492E-838F-4ECB-91CE-18063C0B67CA}.Debug|x64.Build.0 = Debug|x64
		{8DA4492E-838F-4ECB-91CE-18063C0B67CA}.Debug|x86.ActiveCfg = Debug|Win32
		{8DA4492E-838F-4ECB-91CE-18063C0B67CA}.Debug|x86.Build.0 = Debug|Win32
		{8DA4492E-838F-4ECB-91CE-18063C0B67CA}.Release|x64.ActiveCfg = Release|x64
		{8DA4492E-838F-4ECB-91CE-18063C0B67CA}.Release|x64.Build.0 = Release|x64
		{8DA4492E-838F-4ECB-91CE-18063C0B67CA}.Release|x86.ActiveCfg = Release|Win32
		{8DA4492E-838F-4ECB-91CE-18063C0B67CA}.Release|x86.Build.0 = Release|Win32
		{43CDB170-C514-405B-8768-AE7E1D0009C9}.Debug|x64.ActiveCfg = Debug|x64
		{43CDB170-C514-405B-8768-AE7E1D0009C9}.Debug|x64.Build.0 = Debug|x64
		{43CDB170-C514-405B-8768-AE7E1D0009C9}.Debug|x86.ActiveCfg = Debug|Win32
		{43CDB170-C514-405B-8768-AE7E1D0009C9}.Debug|x86.Build.0 = Debug|Win32
		{43CDB170-C514-405B-8768-AE7E1D0009C9}.Release|x64.ActiveCfg = Release|x64
		{43CDB170-C514-405B-8768-AE7E1D0009C9}.Release|x64.Build.0 = Release|x64
		{43CDB170-C514-405B-8768-AE7E1D0009C9}.Release|x86.ActiveCfg = Release|Win32
		{43CDB170-C514-405B-8768-AE7E1D0009C9}.Release|x86.Build.0 = Release|Win32
		{E86B9563-54DC-4543-8601-9E9292676F33}.Debug|x64.ActiveCfg = Debug|x64
		{E86B9563-54DC-4543-8601-9E9292676F33}.Debug|x64.Build.0 = Debug|x64
		{E86B9563-54DC-4543-8601-9E9292676F33}.Debug|x86.ActiveCfg = Debug|Win32
		{E86B9563-54DC-4543-8601-9E9292676F33}.Debug|x86.Build.0 = Debug|Win32
		{E86B9563-54DC-4543-8601-9E9292676F33}.Release|x64.ActiveCfg = Release|x64
		{E86B9563-54DC-4543-8601-9E9292676F33}.Release|x64.Build.0 = Release|x64
		{E86B9563-54DC-4543-8601-9E9292676F33}.Release|x86.ActiveCfg = Release|Win32
		{E86B9563-54DC-4543-8601-9E9292676F33}.Release|x86.Build.0 = Release|Win32
		{362A4E18-D56D-4707-BB7C-7774DA234A31}.Debug|x64.ActiveCfg = Debug|x64
		{362A4E18-D56D-4707-BB7C-7774DA234A31}.Debug|x64.Build.0 = Debug|x64
		{362A4E18-D56D-4707-BB7C-7774DA234A31}.Debug|x86.ActiveCfg = Debug|Win32
		{362A4E18-D56D-4707-BB7C-7774DA234A31}.Debug|x86.Build.0 = Debug|Win32
		{362A4E18-D56D-4707-BB7C-7774DA234A31}.Release|x64.ActiveCfg = Release|x64
		{362A4E18-D56D-4707-BB7C-7774DA234A31}.Release|x64.Build.0 = Release|x64
		{362A4E18-D56D-4707-BB7C-7774DA234A31}.Release|x86.ActiveCfg = Release|Win32
		{362A4E18-D56D-4707-BB7C-7774DA234A31}.Release|x86.Build.0 = Release|Win32
		{B75CCDB9-0F47-4F33-B47C-8CB80E8FAC7D}.Debug|x64.ActiveCfg = Debug|x64
		{B75CCDB9-0F47-4F33-B47C-8CB80E8FAC7D}.Debug|x64.Build.0 = Debug|x64
		{B75CCDB9-0F47-4F33-B47C-8CB80E8FAC7D}.Debug|x86.ActiveCfg = Debug|Win32
		{B75CCDB9-0F47-4F33-B47C-8CB80E8FAC7D}.Debug|x86.Build.0 = Debug|Win32
		{B75CCDB9-0F47-4F33-B47C-8CB80E8FAC7D}.Release|x64.ActiveCfg = Release|x64
		{B75CCDB9-0F47-4F33-B47C-8CB80E8FAC7D}.Release|x64.Build.0 = Release|x64
		{B75CCDB9-0F47-4F33-B47C-8CB80E8FAC7D}.Release|x86.ActiveCfg = Release|Win32
		{B75CCDB9-0F47-4F33-B47C-8CB80E8FAC7D}.Release|x86.Build.0 = Release|Win32
		{AA08A604-7D55-4BC1-9B12-1528C14ECEC4}.Debug|x64.ActiveCfg = Debug|x64
		{AA08A604-7D55-4BC1-9B12-1528C14ECEC4}.Debug|x64.Build.0 = Debug|x64
		{AA08A604-7D55-4BC1-9B12-1528C14ECEC4}.Debug|x86.ActiveCfg = Debug|Win32
		{AA08A604-7D55-4BC1-9B12-1528C14ECEC4}.Debug|x86.Build.0 = Debug|Win32
		{AA08A604-7D55-4BC1-9B12-1528C14ECEC4}.Release|x64.ActiveCfg = Release|x64
		{AA08A604-7D55-4BC1-9B12-1528C14ECEC4}.Release|x64.Build.0 = Release|x64
		{AA08A604-7D55-4BC1-9B12-1528C14ECEC4}.Release|x86.ActiveCfg = Release|Win32
		{AA08A604-7D55-4BC1-9B12-1528C14ECEC4}.Release|x86.Build.0 = Release|Win32
	EndGlobalSection
	GlobalSection(SolutionProperties) = preSolution
		HideSolutionNode = FALSE
	EndGlobalSection
	GlobalSection(ExtensibilityGlobals) = postSolution
		SolutionGuid = {36C9E6C6-5A86-4604-A5CB-9CD79E585DB7}
	EndGlobalSection
EndGlobal
