
Microsoft Visual Studio Solution File, Format Version 12.00
# Visual Studio Version 17
VisualStudioVersion = 17.13.35919.96
MinimumVisualStudioVersion = 10.0.40219.1
Project("{8BC9CEB8-8B4A-11D0-8D11-00A0C91BC942}") = "ServerMS", "ServerMS\ServerMS.vcxproj", "{790B338A-9CC0-4B6B-A70F-CB16F6C68472}"
EndProject
Project("{8BC9CEB8-8B4A-11D0-8D11-00A0C91BC942}") = "ClientMS", "ClientMS\ClientMS.vcxproj", "{7104DF94-C0E6-4C58-868E-77518108FEF9}"
EndProject
Project("{8BC9CEB8-8B4A-11D0-8D11-00A0C91BC942}") = "ClientMS_Perf", "ClientMS_Perf\ClientMS_Perf.vcxproj", "{D3A7F4BB-F994-4272-B976-59FD949BC05B}"
EndProject
Project("{8BC9CEB8-8B4A-11D0-8D11-00A0C91BC942}") = "ClientMS_Broad", "ClientMS_Broad\ClientMS_Broad.vcxproj", "{B901BD87-C946-482A-9F47-5B440DB74730}"
EndProject
Global
	GlobalSection(SolutionConfigurationPlatforms) = preSolution
		Debug|x64 = Debug|x64
		Debug|x86 = Debug|x86
		Release|x64 = Release|x64
		Release|x86 = Release|x86
	EndGlobalSection
	GlobalSection(ProjectConfigurationPlatforms) = postSolution
		{790B338A-9CC0-4B6B-A70F-CB16F6C68472}.Debug|x64.ActiveCfg = Debug|x64
		{790B338A-9CC0-4B6B-A70F-CB16F6C68472}.Debug|x64.Build.0 = Debug|x64
		{790B338A-9CC0-4B6B-A70F-CB16F6C68472}.Debug|x86.ActiveCfg = Debug|Win32
		{790B338A-9CC0-4B6B-A70F-CB16F6C68472}.Debug|x86.Build.0 = Debug|Win32
		{790B338A-9CC0-4B6B-A70F-CB16F6C68472}.Release|x64.ActiveCfg = Release|x64
		{790B338A-9CC0-4B6B-A70F-CB16F6C68472}.Release|x64.Build.0 = Release|x64
		{790B338A-9CC0-4B6B-A70F-CB16F6C68472}.Release|x86.ActiveCfg = Release|Win32
		{790B338A-9CC0-4B6B-A70F-CB16F6C68472}.Release|x86.Build.0 = Release|Win32
		{7104DF94-C0E6-4C58-868E-77518108FEF9}.Debug|x64.ActiveCfg = Debug|x64
		{7104DF94-C0E6-4C58-868E-77518108FEF9}.Debug|x64.Build.0 = Debug|x64
		{7104DF94-C0E6-4C58-868E-77518108FEF9}.Debug|x86.ActiveCfg = Debug|Win32
		{7104DF94-C0E6-4C58-868E-77518108FEF9}.Debug|x86.Build.0 = Debug|Win32
		{7104DF94-C0E6-4C58-868E-77518108FEF9}.Release|x64.ActiveCfg = Release|x64
		{7104DF94-C0E6-4C58-868E-77518108FEF9}.Release|x64.Build.0 = Release|x64
		{7104DF94-C0E6-4C58-868E-77518108FEF9}.Release|x86.ActiveCfg = Release|Win32
		{7104DF94-C0E6-4C58-868E-77518108FEF9}.Release|x86.Build.0 = Release|Win32
		{D3A7F4BB-F994-4272-B976-59FD949BC05B}.Debug|x64.ActiveCfg = Debug|x64
		{D3A7F4BB-F994-4272-B976-59FD949BC05B}.Debug|x64.Build.0 = Debug|x64
		{D3A7F4BB-F994-4272-B976-59FD949BC05B}.Debug|x86.ActiveCfg = Debug|Win32
		{D3A7F4BB-F994-4272-B976-59FD949BC05B}.Debug|x86.Build.0 = Debug|Win32
		{D3A7F4BB-F994-4272-B976-59FD949BC05B}.Release|x64.ActiveCfg = Release|x64
		{D3A7F4BB-F994-4272-B976-59FD949BC05B}.Release|x64.Build.0 = Release|x64
		{D3A7F4BB-F994-4272-B976-59FD949BC05B}.Release|x86.ActiveCfg = Release|Win32
		{D3A7F4BB-F994-4272-B976-59FD949BC05B}.Release|x86.Build.0 = Release|Win32
		{B901BD87-C946-482A-9F47-5B440DB74730}.Debug|x64.ActiveCfg = Debug|x64
		{B901BD87-C946-482A-9F47-5B440DB74730}.Debug|x64.Build.0 = Debug|x64
		{B901BD87-C946-482A-9F47-5B440DB74730}.Debug|x86.ActiveCfg = Debug|Win32
		{B901BD87-C946-482A-9F47-5B440DB74730}.Debug|x86.Build.0 = Debug|Win32
		{B901BD87-C946-482A-9F47-5B440DB74730}.Release|x64.ActiveCfg = Release|x64
		{B901BD87-C946-482A-9F47-5B440DB74730}.Release|x64.Build.0 = Release|x64
		{B901BD87-C946-482A-9F47-5B440DB74730}.Release|x86.ActiveCfg = Release|Win32
		{B901BD87-C946-482A-9F47-5B440DB74730}.Release|x86.Build.0 = Release|Win32
	EndGlobalSection
	GlobalSection(SolutionProperties) = preSolution
		HideSolutionNode = FALSE
	EndGlobalSection
	GlobalSection(ExtensibilityGlobals) = postSolution
		SolutionGuid = {90E0B15D-0F36-4E15-A7E8-3470FC79F168}
	EndGlobalSection
EndGlobal
